PODS:
  - Alamofire (5.4.3)
  - AppAuth (1.4.0):
    - AppAuth/Core (= 1.4.0)
    - AppAuth/ExternalUserAgent (= 1.4.0)
  - AppAuth/Core (1.4.0)
  - AppAuth/ExternalUserAgent (1.4.0)
  - FBSDKCoreKit (9.0.1):
    - FBSDKCoreKit/Basics (= 9.0.1)
    - FBSDKCoreKit/Core (= 9.0.1)
  - FBSDKCoreKit/Basics (9.0.1)
  - FBSDKCoreKit/Core (9.0.1):
    - FBSDKCoreKit/Basics
  - FBSDKLoginKit (9.0.1):
    - FBSDKLoginKit/Login (= 9.0.1)
  - FBSDKLoginKit/Login (9.0.1):
    - FBSDKCoreKit (~> 9.0.1)
  - Firebase/Auth (7.8.0):
    - Firebase/CoreOnly
    - FirebaseAuth (~> 7.8.0)
  - Firebase/CoreOnly (7.8.0):
    - FirebaseCore (= 7.8.0)
  - Firebase/Database (7.8.0):
    - Firebase/CoreOnly
    - FirebaseDatabase (~> 7.8.0)
  - FirebaseAuth (7.8.0):
    - FirebaseCore (~> 7.0)
    - GoogleUtilities/AppDelegateSwizzler (~> 7.0)
    - GoogleUtilities/Environment (~> 7.0)
    - GTMSessionFetcher/Core (~> 1.4)
  - FirebaseCore (7.8.0):
    - FirebaseCoreDiagnostics (~> 7.4)
    - GoogleUtilities/Environment (~> 7.0)
    - GoogleUtilities/Logger (~> 7.0)
  - FirebaseCoreDiagnostics (7.8.0):
    - GoogleDataTransport (~> 8.0)
    - GoogleUtilities/Environment (~> 7.0)
    - GoogleUtilities/Logger (~> 7.0)
    - nanopb (~> 2.30907.0)
  - FirebaseDatabase (7.8.0):
    - FirebaseCore (~> 7.0)
    - leveldb-library (~> 1.22)
  - GoogleDataTransport (8.2.0):
    - nanopb (~> 2.30907.0)
  - GoogleSignIn (5.0.2):
    - AppAuth (~> 1.2)
    - GTMAppAuth (~> 1.0)
    - GTMSessionFetcher/Core (~> 1.1)
  - GoogleUtilities/AppDelegateSwizzler (7.2.2):
    - GoogleUtilities/Environment
    - GoogleUtilities/Logger
    - GoogleUtilities/Network
  - GoogleUtilities/Environment (7.2.2):
    - PromisesObjC (~> 1.2)
  - GoogleUtilities/Logger (7.2.2):
    - GoogleUtilities/Environment
  - GoogleUtilities/Network (7.2.2):
    - GoogleUtilities/Logger
    - "GoogleUtilities/NSData+zlib"
    - GoogleUtilities/Reachability
  - "GoogleUtilities/NSData+zlib (7.2.2)"
  - GoogleUtilities/Reachability (7.2.2):
    - GoogleUtilities/Logger
  - GTMAppAuth (1.1.0):
    - AppAuth/Core (~> 1.4)
    - GTMSessionFetcher (~> 1.4)
  - GTMSessionFetcher (1.5.0):
    - GTMSessionFetcher/Full (= 1.5.0)
  - GTMSessionFetcher/Core (1.5.0)
  - GTMSessionFetcher/Full (1.5.0):
    - GTMSessionFetcher/Core (= 1.5.0)
  - leveldb-library (1.22.1)
  - nanopb (2.30907.0):
    - nanopb/decode (= 2.30907.0)
    - nanopb/encode (= 2.30907.0)
  - nanopb/decode (2.30907.0)
  - nanopb/encode (2.30907.0)
  - PromisesObjC (1.2.12)
  - SnapKit (5.0.1)
  - SwiftLint (0.43.0)
  - SwiftyJSON (5.0.1)
  - Swinject (2.7.1)
  - SwinjectStoryboard (2.2.0):
    - Swinject (~> 2.7.1)

DEPENDENCIES:
  - Alamofire
  - FBSDKCoreKit
  - FBSDKLoginKit
  - Firebase/Auth
  - Firebase/Database
  - GoogleSignIn
  - SnapKit
  - SwiftLint
  - SwiftyJSON
  - Swinject
  - SwinjectStoryboard (from `https://github.com/Swinject/SwinjectStoryboard.git`, commit `0ca45c83a8aa398c153d8a036c95abb4343cfa0c`)

SPEC REPOS:
  trunk:
    - Alamofire
    - AppAuth
    - FBSDKCoreKit
    - FBSDKLoginKit
    - Firebase
    - FirebaseAuth
    - FirebaseCore
    - FirebaseCoreDiagnostics
    - FirebaseDatabase
    - GoogleDataTransport
    - GoogleSignIn
    - GoogleUtilities
    - GTMAppAuth
    - GTMSessionFetcher
    - leveldb-library
    - nanopb
    - PromisesObjC
    - SnapKit
    - SwiftLint
    - SwiftyJSON
    - Swinject

EXTERNAL SOURCES:
  SwinjectStoryboard:
    :commit: 0ca45c83a8aa398c153d8a036c95abb4343cfa0c
    :git: https://github.com/Swinject/SwinjectStoryboard.git

CHECKOUT OPTIONS:
  SwinjectStoryboard:
    :commit: 0ca45c83a8aa398c153d8a036c95abb4343cfa0c
    :git: https://github.com/Swinject/SwinjectStoryboard.git

SPEC CHECKSUMS:
  Alamofire: e447a2774a40c996748296fa2c55112fdbbc42f9
  AppAuth: 31bcec809a638d7bd2f86ea8a52bd45f6e81e7c7
  FBSDKCoreKit: fada1a6a0076724678993ff05a633848765ff18c
  FBSDKLoginKit: d5ffe6d808897019ccf16feb6f0a7ab260bc5cd6
  Firebase: 1e0d6610f21bdd131231525d7ee78f7f9e64e606
  FirebaseAuth: 667e576a716f6f9fe31687791406f61135002d47
  FirebaseCore: 049029df3096e5c118917029be7da75ee16f3b1b
  FirebaseCoreDiagnostics: 066f996579cf097bdad3d7dc9a918d6b9e129c50
  FirebaseDatabase: f909d1448d4e7c4f5ef5acd1b8095f4bea9813ca
  GoogleDataTransport: 1024b1a4dfbd7a0e92cb20d7e0a6f1fb66b449a4
  GoogleSignIn: 7137d297ddc022a7e0aa4619c86d72c909fa7213
  GoogleUtilities: 31c5b01f978a70c6cff2afc6272b3f1921614b43
  GTMAppAuth: 197a8dabfea5d665224aa00d17f164fc2248dab9
  GTMSessionFetcher: b3503b20a988c4e20cc189aa798fd18220133f52
  leveldb-library: 50c7b45cbd7bf543c81a468fe557a16ae3db8729
  nanopb: 59221d7f958fb711001e6a449489542d92ae113e
  PromisesObjC: 3113f7f76903778cf4a0586bd1ab89329a0b7b97
  SnapKit: 97b92857e3df3a0c71833cce143274bf6ef8e5eb
  SwiftLint: 0c645fdc6feed3e390c1701ab3cc669f88b42752
  SwiftyJSON: 2f33a42c6fbc52764d96f13368585094bfd8aa5e
  Swinject: ddf78b8486dd9b71a667b852cad919ab4484478e
  SwinjectStoryboard: f0d5b1c16459949d6ff1cbb6610107946b18e1f8

PODFILE CHECKSUM: ec3a4d87f76bdc87e1b0b675dcb164ed596df3dc

COCOAPODS: 1.10.1
